Microsoft Visual Studio Solution File, Format Version 12.00
# Visual Studio Version 16
VisualStudioVersion = 16.0.30413.136
MinimumVisualStudioVersion = 10.0.40219.1
Project("{2150E333-8FDC-42A3-9474-1A3956D46DE8}") = "Solution Items", "Solution Items", "{1A1BD4F8-4409-404B-9ADB-BAB90E978F48}"
	ProjectSection(SolutionItems) = preProject
		.editorconfig = .editorconfig
		Konoma.CrossFit.nuspec = Konoma.CrossFit.nuspec
		Nuget.config.buildserver = Nuget.config.buildserver
		README.md = README.md
	EndProjectSection
EndProject
Project("{2150E333-8FDC-42A3-9474-1A3956D46DE8}") = "Library", "Library", "{C9B2F1F5-32E5-4C19-A1B0-4E54460E476F}"
EndProject
Project("{2150E333-8FDC-42A3-9474-1A3956D46DE8}") = "Sample App", "Sample App", "{A8E53564-B3F5-4B7A-A8FD-CE6595DCBD69}"
EndProject
Project("{9A19103F-16F7-4668-BE54-9A1E7A4F7556}") = "Konoma.CrossFit", "Konoma.CrossFit\Konoma.CrossFit.csproj", "{590B47EE-0716-4492-B806-ED3AAD8A15EC}"
EndProject
Project("{FAE04EC0-301F-11D3-BF4B-00C04F79EFBC}") = "Konoma.CrossFit.iOS", "Konoma.CrossFit.iOS\Konoma.CrossFit.iOS.csproj", "{3FEA7B3B-092B-47BD-A6E4-0E4241FBBAB6}"
EndProject
Project("{FAE04EC0-301F-11D3-BF4B-00C04F79EFBC}") = "Konoma.CrossFit.Droid", "Konoma.CrossFit.Droid\Konoma.CrossFit.Droid.csproj", "{F17173C8-F66A-4855-B378-495C40A3C573}"
EndProject
Project("{9A19103F-16F7-4668-BE54-9A1E7A4F7556}") = "Sample.Core", "Sample.Core\Sample.Core.csproj", "{3FF633C7-1F64-4961-A1DA-EDCCB8E98E0E}"
EndProject
Project("{FAE04EC0-301F-11D3-BF4B-00C04F79EFBC}") = "Sample.iOS", "Sample.iOS\Sample.iOS.csproj", "{A096CB00-181E-4613-8B9E-9372925D7C24}"
EndProject
Project("{FAE04EC0-301F-11D3-BF4B-00C04F79EFBC}") = "Sample.Droid", "Sample.Droid\Sample.Droid.csproj", "{625D8A65-338C-41DB-9EAF-499F09BCB24E}"
EndProject
Global
	GlobalSection(SolutionConfigurationPlatforms) = preSolution
		Debug|Any CPU = Debug|Any CPU
		Debug|iPhone = Debug|iPhone
		Debug|iPhoneSimulator = Debug|iPhoneSimulator
		Release|Any CPU = Release|Any CPU
		Release|iPhone = Release|iPhone
		Release|iPhoneSimulator = Release|iPhoneSimulator
	EndGlobalSection
	GlobalSection(ProjectConfigurationPlatforms) = postSolution
		{590B47EE-0716-4492-B806-ED3AAD8A15EC}.Debug|Any CPU.ActiveCfg = Debug|Any CPU
		{590B47EE-0716-4492-B806-ED3AAD8A15EC}.Debug|Any CPU.Build.0 = Debug|Any CPU
		{590B47EE-0716-4492-B806-ED3AAD8A15EC}.Debug|iPhone.ActiveCfg = Debug|Any CPU
		{590B47EE-0716-4492-B806-ED3AAD8A15EC}.Debug|iPhone.Build.0 = Debug|Any CPU
		{590B47EE-0716-4492-B806-ED3AAD8A15EC}.Debug|iPhoneSimulator.ActiveCfg = Debug|Any CPU
		{590B47EE-0716-4492-B806-ED3AAD8A15EC}.Debug|iPhoneSimulator.Build.0 = Debug|Any CPU
		{590B47EE-0716-4492-B806-ED3AAD8A15EC}.Release|Any CPU.ActiveCfg = Release|Any CPU
		{590B47EE-0716-4492-B806-ED3AAD8A15EC}.Release|Any CPU.Build.0 = Release|Any CPU
		{590B47EE-0716-4492-B806-ED3AAD8A15EC}.Release|iPhone.ActiveCfg = Release|Any CPU
		{590B47EE-0716-4492-B806-ED3AAD8A15EC}.Release|iPhone.Build.0 = Release|Any CPU
		{590B47EE-0716-4492-B806-ED3AAD8A15EC}.Release|iPhoneSimulator.ActiveCfg = Release|Any CPU
		{590B47EE-0716-4492-B806-ED3AAD8A15EC}.Release|iPhoneSimulator.Build.0 = Release|Any CPU
		{3FEA7B3B-092B-47BD-A6E4-0E4241FBBAB6}.Debug|Any CPU.ActiveCfg = Debug|Any CPU
		{3FEA7B3B-092B-47BD-A6E4-0E4241FBBAB6}.Debug|Any CPU.Build.0 = Debug|Any CPU
		{3FEA7B3B-092B-47BD-A6E4-0E4241FBBAB6}.Debug|iPhone.ActiveCfg = Debug|Any CPU
		{3FEA7B3B-092B-47BD-A6E4-0E4241FBBAB6}.Debug|iPhone.Build.0 = Debug|Any CPU
		{3FEA7B3B-092B-47BD-A6E4-0E4241FBBAB6}.Debug|iPhoneSimulator.ActiveCfg = Debug|Any CPU
		{3FEA7B3B-092B-47BD-A6E4-0E4241FBBAB6}.Debug|iPhoneSimulator.Build.0 = Debug|Any CPU
		{3FEA7B3B-092B-47BD-A6E4-0E4241FBBAB6}.Release|Any CPU.ActiveCfg = Release|Any CPU
		{3FEA7B3B-092B-47BD-A6E4-0E4241FBBAB6}.Release|Any CPU.Build.0 = Release|Any CPU
		{3FEA7B3B-092B-47BD-A6E4-0E4241FBBAB6}.Release|iPhone.ActiveCfg = Release|Any CPU
		{3FEA7B3B-092B-47BD-A6E4-0E4241FBBAB6}.Release|iPhone.Build.0 = Release|Any CPU
		{3FEA7B3B-092B-47BD-A6E4-0E4241FBBAB6}.Release|iPhoneSimulator.ActiveCfg = Release|Any CPU
		{3FEA7B3B-092B-47BD-A6E4-0E4241FBBAB6}.Release|iPhoneSimulator.Build.0 = Release|Any CPU
		{F17173C8-F66A-4855-B378-495C40A3C573}.Debug|Any CPU.ActiveCfg = Debug|Any CPU
		{F17173C8-F66A-4855-B378-495C40A3C573}.Debug|Any CPU.Build.0 = Debug|Any CPU
		{F17173C8-F66A-4855-B378-495C40A3C573}.Debug|iPhone.ActiveCfg = Debug|Any CPU
		{F17173C8-F66A-4855-B378-495C40A3C573}.Debug|iPhone.Build.0 = Debug|Any CPU
		{F17173C8-F66A-4855-B378-495C40A3C573}.Debug|iPhoneSimulator.ActiveCfg = Debug|Any CPU
		{F17173C8-F66A-4855-B378-495C40A3C573}.Debug|iPhoneSimulator.Build.0 = Debug|Any CPU
		{F17173C8-F66A-4855-B378-495C40A3C573}.Release|Any CPU.ActiveCfg = Release|Any CPU
		{F17173C8-F66A-4855-B378-495C40A3C573}.Release|Any CPU.Build.0 = Release|Any CPU
		{F17173C8-F66A-4855-B378-495C40A3C573}.Release|iPhone.ActiveCfg = Release|Any CPU
		{F17173C8-F66A-4855-B378-495C40A3C573}.Release|iPhone.Build.0 = Release|Any CPU
		{F17173C8-F66A-4855-B378-495C40A3C573}.Release|iPhoneSimulator.ActiveCfg = Release|Any CPU
		{F17173C8-F66A-4855-B378-495C40A3C573}.Release|iPhoneSimulator.Build.0 = Release|Any CPU
		{3FF633C7-1F64-4961-A1DA-EDCCB8E98E0E}.Debug|Any CPU.ActiveCfg = Debug|Any CPU
		{3FF633C7-1F64-4961-A1DA-EDCCB8E98E0E}.Debug|Any CPU.Build.0 = Debug|Any CPU
		{3FF633C7-1F64-4961-A1DA-EDCCB8E98E0E}.Debug|iPhone.ActiveCfg = Debug|Any CPU
		{3FF633C7-1F64-4961-A1DA-EDCCB8E98E0E}.Debug|iPhone.Build.0 = Debug|Any CPU
		{3FF633C7-1F64-4961-A1DA-EDCCB8E98E0E}.Debug|iPhoneSimulator.ActiveCfg = Debug|Any CPU
		{3FF633C7-1F64-4961-A1DA-EDCCB8E98E0E}.Debug|iPhoneSimulator.Build.0 = Debug|Any CPU
		{3FF633C7-1F64-4961-A1DA-EDCCB8E98E0E}.Release|Any CPU.ActiveCfg = Release|Any CPU
		{3FF633C7-1F64-4961-A1DA-EDCCB8E98E0E}.Release|Any CPU.Build.0 = Release|Any CPU
		{3FF633C7-1F64-4961-A1DA-EDCCB8E98E0E}.Release|iPhone.ActiveCfg = Release|Any CPU
		{3FF633C7-1F64-4961-A1DA-EDCCB8E98E0E}.Release|iPhone.Build.0 = Release|Any CPU
		{3FF633C7-1F64-4961-A1DA-EDCCB8E98E0E}.Release|iPhoneSimulator.ActiveCfg = Release|Any CPU
		{3FF633C7-1F64-4961-A1DA-EDCCB8E98E0E}.Release|iPhoneSimulator.Build.0 = Release|Any CPU
		{A096CB00-181E-4613-8B9E-9372925D7C24}.Debug|Any CPU.ActiveCfg = Debug|iPhoneSimulator
		{A096CB00-181E-4613-8B9E-9372925D7C24}.Debug|Any CPU.Build.0 = Debug|iPhoneSimulator
		{A096CB00-181E-4613-8B9E-9372925D7C24}.Debug|iPhone.ActiveCfg = Debug|iPhone
		{A096CB00-181E-4613-8B9E-9372925D7C24}.Debug|iPhone.Build.0 = Debug|iPhone
		{A096CB00-181E-4613-8B9E-9372925D7C24}.Debug|iPhoneSimulator.ActiveCfg = Debug|iPhoneSimulator
		{A096CB00-181E-4613-8B9E-9372925D7C24}.Debug|iPhoneSimulator.Build.0 = Debug|iPhoneSimulator
		{A096CB00-181E-4613-8B9E-9372925D7C24}.Release|Any CPU.ActiveCfg = Release|iPhoneSimulator
		{A096CB00-181E-4613-8B9E-9372925D7C24}.Release|Any CPU.Build.0 = Release|iPhoneSimulator
		{A096CB00-181E-4613-8B9E-9372925D7C24}.Release|iPhone.ActiveCfg = Release|iPhone
		{A096CB00-181E-4613-8B9E-9372925D7C24}.Release|iPhone.Build.0 = Release|iPhone
		{A096CB00-181E-4613-8B9E-9372925D7C24}.Release|iPhoneSimulator.ActiveCfg = Release|iPhoneSimulator
		{A096CB00-181E-4613-8B9E-9372925D7C24}.Release|iPhoneSimulator.Build.0 = Release|iPhoneSimulator
		{625D8A65-338C-41DB-9EAF-499F09BCB24E}.Debug|Any CPU.ActiveCfg = Debug|Any CPU
		{625D8A65-338C-41DB-9EAF-499F09BCB24E}.Debug|Any CPU.Build.0 = Debug|Any CPU
		{625D8A65-338C-41DB-9EAF-499F09BCB24E}.Debug|iPhone.ActiveCfg = Debug|Any CPU
		{625D8A65-338C-41DB-9EAF-499F09BCB24E}.Debug|iPhone.Build.0 = Debug|Any CPU
		{625D8A65-338C-41DB-9EAF-499F09BCB24E}.Debug|iPhoneSimulator.ActiveCfg = Debug|Any CPU
		{625D8A65-338C-41DB-9EAF-499F09BCB24E}.Debug|iPhoneSimulator.Build.0 = Debug|Any CPU
		{625D8A65-338C-41DB-9EAF-499F09BCB24E}.Release|Any CPU.ActiveCfg = Release|Any CPU
		{625D8A65-338C-41DB-9EAF-499F09BCB24E}.Release|Any CPU.Build.0 = Release|Any CPU
		{625D8A65-338C-41DB-9EAF-499F09BCB24E}.Release|iPhone.ActiveCfg = Release|Any CPU
		{625D8A65-338C-41DB-9EAF-499F09BCB24E}.Release|iPhone.Build.0 = Release|Any CPU
		{625D8A65-338C-41DB-9EAF-499F09BCB24E}.Release|iPhoneSimulator.ActiveCfg = Release|Any CPU
		{625D8A65-338C-41DB-9EAF-499F09BCB24E}.Release|iPhoneSimulator.Build.0 = Release|Any CPU
	EndGlobalSection
	GlobalSection(SolutionProperties) = preSolution
		HideSolutionNode = FALSE
	EndGlobalSection
	GlobalSection(NestedProjects) = preSolution
		{590B47EE-0716-4492-B806-ED3AAD8A15EC} = {C9B2F1F5-32E5-4C19-A1B0-4E54460E476F}
		{3FEA7B3B-092B-47BD-A6E4-0E4241FBBAB6} = {C9B2F1F5-32E5-4C19-A1B0-4E54460E476F}
		{F17173C8-F66A-4855-B378-495C40A3C573} = {C9B2F1F5-32E5-4C19-A1B0-4E54460E476F}
		{3FF633C7-1F64-4961-A1DA-EDCCB8E98E0E} = {A8E53564-B3F5-4B7A-A8FD-CE6595DCBD69}
		{A096CB00-181E-4613-8B9E-9372925D7C24} = {A8E53564-B3F5-4B7A-A8FD-CE6595DCBD69}
		{625D8A65-338C-41DB-9EAF-499F09BCB24E} = {A8E53564-B3F5-4B7A-A8FD-CE6595DCBD69}
	EndGlobalSection
	GlobalSection(ExtensibilityGlobals) = postSolution
		SolutionGuid = {2B7F98FB-CA70-41E1-BDC0-EA13BC8897CE}
	EndGlobalSection
	GlobalSection(MonoDevelopProperties) = preSolution
		Policies = $0
		$0.DotNetNamingPolicy = $1
		version = 0.5
	EndGlobalSection
EndGlobal
